{
  "name": "eduvane",
  "version": "1.0.0",
  "lockfileVersion": 3,
  "requires": true,
  "packages": {
    "": {
      "name": "eduvane",
      "version": "1.0.0",
      "dependencies": {
        "react": "18.2.0",
        "react-dom": "18.2.0",
        "lucide-react": "0.344.0",
        "@google/genai": "latest",
        "@supabase/supabase-js": "latest",
        "tesseract.js": "5.0.5"
      },
      "devDependencies": {
        "@types/react": "18.2.0",
        "@types/react-dom": "18.2.0",
        "typescript": "^5.0.0"
      }
    },
    "node_modules/react": {
      "version": "18.2.0",
      "resolved": "https://registry.npmjs.org/react/-/react-18.2.0.tgz",
      "integrity": "sha512-/3IjMdb2L9QbBxhelBS6zUXyG9MbaCSli8dpc86QDvBya06Z7PQoBFOBeZ6NMptU6GW27PykSWGvCyhewRfe1A==",
      "engines": {
        "node": ">=0.10.0"
      }
    },
    "node_modules/react-dom": {
      "version": "18.2.0",
      "resolved": "https://registry.npmjs.org/react-dom/-/react-dom-18.2.0.tgz",
      "integrity": "sha512-6IMTriUmvsjHUjNtEDudZfuFEzRnrm0wua2U65Omw4lf6vNo4v8S99A757041pXPb8V9MLP90pS7q4G8L8E1lw==",
      "peerDependencies": {
        "react": "^18.2.0"
      }
    }
  }
}