{
  "name": "eduvane",
  "version": "1.0.0",
  "lockfileVersion": 3,
  "requires": true,
  "packages": {
    "": {
      "name": "eduvane",
      "version": "1.0.0",
      "dependencies": {
        "react": "18.2.0",
        "react-dom": "18.2.0",
        "lucide-react": "0.344.0",
        "@google/genai": "0.21.0",
        "@supabase/supabase-js": "2.45.4",
        "tesseract.js": "5.0.5"
      },
      "devDependencies": {
        "@types/react": "18.2.0",
        "@types/react-dom": "18.2.0",
        "typescript": "5.0.0"
      },
      "overrides": {
        "react": "18.2.0",
        "react-dom": "18.2.0"
      }
    },
    "node_modules/@google/genai": {
      "version": "0.21.0",
      "resolved": "https://registry.npmjs.org/@google/genai/-/genai-0.21.0.tgz",
      "integrity": "sha512-..."
    },
    "node_modules/@supabase/supabase-js": {
      "version": "2.45.4",
      "resolved": "https://registry.npmjs.org/@supabase/supabase-js/-/supabase-js-2.45.4.tgz",
      "integrity": "sha512-..."
    },
    "node_modules/@types/react": {
      "version": "18.2.0",
      "resolved": "https://registry.npmjs.org/@types/react/-/react-18.2.0.tgz",
      "integrity": "sha512-..."
    },
    "node_modules/@types/react-dom": {
      "version": "18.2.0",
      "resolved": "https://registry.npmjs.org/@types/react-dom/-/react-dom-18.2.0.tgz",
      "integrity": "sha512-..."
    },
    "node_modules/lucide-react": {
      "version": "0.344.0",
      "resolved": "https://registry.npmjs.org/lucide-react/-/lucide-react-0.344.0.tgz",
      "integrity": "sha512-...",
      "peerDependencies": {
        "react": "^16.5.1 || ^17.0.0 || ^18.0.0"
      }
    },
    "node_modules/react": {
      "version": "18.2.0",
      "resolved": "https://registry.npmjs.org/react/-/react-18.2.0.tgz",
      "integrity": "sha512-/3IjMdb2L9QbBxhelBS6zUXyG9MbaCSli8dpc86QDvBya06Z7PQoBFOBeZ6NMptU6GW27PykSWGvCyhewRfe1A==",
      "engines": {
        "node": ">=0.10.0"
      }
    },
    "node_modules/react-dom": {
      "version": "18.2.0",
      "resolved": "https://registry.npmjs.org/react-dom/-/react-dom-18.2.0.tgz",
      "integrity": "sha512-6IMTriUmvsjHUjNtEDudZfuFEzRnrm0wua2U65Omw4lf6vNo4v8S99A757041pXPb8V9MLP90pS7q4G8L8E1lw==",
      "peerDependencies": {
        "react": "^18.2.0"
      }
    },
    "node_modules/tesseract.js": {
      "version": "5.0.5",
      "resolved": "https://registry.npmjs.org/tesseract.js/-/tesseract.js-5.0.5.tgz",
      "integrity": "sha512-..."
    },
    "node_modules/typescript": {
      "version": "5.0.0",
      "resolved": "https://registry.npmjs.org/typescript/-/typescript-5.0.0.tgz",
      "integrity": "sha512-..."
    }
  }
}